{
  "name": "inbound-mail",
  "lockfileVersion": 3,
  "requires": true,
  "packages": {
    "": {
      "name": "inbound-mail",
      "dependencies": {
        "@types/mailparser": "^3.4.6",
        "@types/smtp-server": "^3.5.12",
        "emailjs": "^4.0.3",
        "mailparser": "^3.7.4",
        "nodemailer": "^7.0.5",
        "smtp-server": "^3.14.0"
      },
      "devDependencies": {
        "@types/bun": "latest"
      },
      "peerDependencies": {
        "typescript": "^5.0.0"
      }
    },
    "node_modules/@aws-crypto/sha256-browser": {
      "version": "5.2.0",
      "license": "Apache-2.0",
      "dependencies": {
        "@aws-crypto/sha256-js": "^5.2.0",
        "@aws-crypto/supports-web-crypto": "^5.2.0",
        "@aws-crypto/util": "^5.2.0",
        "@aws-sdk/types": "^3.222.0",
        "@aws-sdk/util-locate-window": "^3.0.0",
        "@smithy/util-utf8": "^2.0.0",
        "tslib": "^2.6.2"
      }
    },
    "node_modules/@aws-crypto/sha256-browser/node_modules/@smithy/util-utf8": {
      "version": "2.3.0",
      "license": "Apache-2.0",
      "dependencies": {
        "@smithy/util-buffer-from": "^2.2.0",
        "tslib": "^2.6.2"
      },
      "engines": {
        "node": ">=14.0.0"
      }
    },
    "node_modules/@aws-crypto/sha256-browser/node_modules/@smithy/util-utf8/node_modules/@smithy/util-buffer-from": {
      "version": "2.2.0",
      "license": "Apache-2.0",
      "dependencies": {
        "@smithy/is-array-buffer": "^2.2.0",
        "tslib": "^2.6.2"
      },
      "engines": {
        "node": ">=14.0.0"
      }
    },
    "node_modules/@aws-crypto/sha256-browser/node_modules/@smithy/util-utf8/node_modules/@smithy/util-buffer-from/node_modules/@smithy/is-array-buffer": {
      "version": "2.2.0",
      "license": "Apache-2.0",
      "dependencies": {
        "tslib": "^2.6.2"
      },
      "engines": {
        "node": ">=14.0.0"
      }
    },
    "node_modules/@aws-crypto/sha256-js": {
      "version": "5.2.0",
      "license": "Apache-2.0",
      "dependencies": {
        "@aws-crypto/util": "^5.2.0",
        "@aws-sdk/types": "^3.222.0",
        "tslib": "^2.6.2"
      },
      "engines": {
        "node": ">=16.0.0"
      }
    },
    "node_modules/@aws-crypto/supports-web-crypto": {
      "version": "5.2.0",
      "license": "Apache-2.0",
      "dependencies": {
        "tslib": "^2.6.2"
      }
    },
    "node_modules/@aws-crypto/util": {
      "version": "5.2.0",
      "license": "Apache-2.0",
      "dependencies": {
        "@aws-sdk/types": "^3.222.0",
        "@smithy/util-utf8": "^2.0.0",
        "tslib": "^2.6.2"
      }
    },
    "node_modules/@aws-crypto/util/node_modules/@smithy/util-utf8": {
      "version": "2.3.0",
      "license": "Apache-2.0",
      "dependencies": {
        "@smithy/util-buffer-from": "^2.2.0",
        "tslib": "^2.6.2"
      },
      "engines": {
        "node": ">=14.0.0"
      }
    },
    "node_modules/@aws-crypto/util/node_modules/@smithy/util-utf8/node_modules/@smithy/util-buffer-from": {
      "version": "2.2.0",
      "license": "Apache-2.0",
      "dependencies": {
        "@smithy/is-array-buffer": "^2.2.0",
        "tslib": "^2.6.2"
      },
      "engines": {
        "node": ">=14.0.0"
      }
    },
    "node_modules/@aws-crypto/util/node_modules/@smithy/util-utf8/node_modules/@smithy/util-buffer-from/node_modules/@smithy/is-array-buffer": {
      "version": "2.2.0",
      "license": "Apache-2.0",
      "dependencies": {
        "tslib": "^2.6.2"
      },
      "engines": {
        "node": ">=14.0.0"
      }
    },
    "node_modules/@aws-sdk/client-sesv2": {
      "version": "3.876.0",
      "license": "Apache-2.0",
      "dependencies": {
        "@aws-crypto/sha256-browser": "5.2.0",
        "@aws-crypto/sha256-js": "5.2.0",
        "@aws-sdk/core": "3.876.0",
        "@aws-sdk/credential-provider-node": "3.876.0",
        "@aws-sdk/middleware-host-header": "3.873.0",
        "@aws-sdk/middleware-logger": "3.876.0",
        "@aws-sdk/middleware-recursion-detection": "3.873.0",
        "@aws-sdk/middleware-user-agent": "3.876.0",
        "@aws-sdk/region-config-resolver": "3.873.0",
        "@aws-sdk/signature-v4-multi-region": "3.876.0",
        "@aws-sdk/types": "3.862.0",
        "@aws-sdk/util-endpoints": "3.873.0",
        "@aws-sdk/util-user-agent-browser": "3.873.0",
        "@aws-sdk/util-user-agent-node": "3.876.0",
        "@smithy/config-resolver": "^4.1.5",
        "@smithy/core": "^3.8.0",
        "@smithy/fetch-http-handler": "^5.1.1",
        "@smithy/hash-node": "^4.0.5",
        "@smithy/invalid-dependency": "^4.0.5",
        "@smithy/middleware-content-length": "^4.0.5",
        "@smithy/middleware-endpoint": "^4.1.18",
        "@smithy/middleware-retry": "^4.1.19",
        "@smithy/middleware-serde": "^4.0.9",
        "@smithy/middleware-stack": "^4.0.5",
        "@smithy/node-config-provider": "^4.1.4",
        "@smithy/node-http-handler": "^4.1.1",
        "@smithy/protocol-http": "^5.1.3",
        "@smithy/smithy-client": "^4.4.10",
        "@smithy/types": "^4.3.2",
        "@smithy/url-parser": "^4.0.5",
        "@smithy/util-base64": "^4.0.0",
        "@smithy/util-body-length-browser": "^4.0.0",
        "@smithy/util-body-length-node": "^4.0.0",
        "@smithy/util-defaults-mode-browser": "^4.0.26",
        "@smithy/util-defaults-mode-node": "^4.0.26",
        "@smithy/util-endpoints": "^3.0.7",
        "@smithy/util-middleware": "^4.0.5",
        "@smithy/util-retry": "^4.0.7",
        "@smithy/util-utf8": "^4.0.0",
        "tslib": "^2.6.2"
      },
      "engines": {
        "node": ">=18.0.0"
      }
    },
    "node_modules/@aws-sdk/client-sso": {
      "version": "3.876.0",
      "license": "Apache-2.0",
      "dependencies": {
        "@aws-crypto/sha256-browser": "5.2.0",
        "@aws-crypto/sha256-js": "5.2.0",
        "@aws-sdk/core": "3.876.0",
        "@aws-sdk/middleware-host-header": "3.873.0",
        "@aws-sdk/middleware-logger": "3.876.0",
        "@aws-sdk/middleware-recursion-detection": "3.873.0",
        "@aws-sdk/middleware-user-agent": "3.876.0",
        "@aws-sdk/region-config-resolver": "3.873.0",
        "@aws-sdk/types": "3.862.0",
        "@aws-sdk/util-endpoints": "3.873.0",
        "@aws-sdk/util-user-agent-browser": "3.873.0",
        "@aws-sdk/util-user-agent-node": "3.876.0",
        "@smithy/config-resolver": "^4.1.5",
        "@smithy/core": "^3.8.0",
        "@smithy/fetch-http-handler": "^5.1.1",
        "@smithy/hash-node": "^4.0.5",
        "@smithy/invalid-dependency": "^4.0.5",
        "@smithy/middleware-content-length": "^4.0.5",
        "@smithy/middleware-endpoint": "^4.1.18",
        "@smithy/middleware-retry": "^4.1.19",
        "@smithy/middleware-serde": "^4.0.9",
        "@smithy/middleware-stack": "^4.0.5",
        "@smithy/node-config-provider": "^4.1.4",
        "@smithy/node-http-handler": "^4.1.1",
        "@smithy/protocol-http": "^5.1.3",
        "@smithy/smithy-client": "^4.4.10",
        "@smithy/types": "^4.3.2",
        "@smithy/url-parser": "^4.0.5",
        "@smithy/util-base64": "^4.0.0",
        "@smithy/util-body-length-browser": "^4.0.0",
        "@smithy/util-body-length-node": "^4.0.0",
        "@smithy/util-defaults-mode-browser": "^4.0.26",
        "@smithy/util-defaults-mode-node": "^4.0.26",
        "@smithy/util-endpoints": "^3.0.7",
        "@smithy/util-middleware": "^4.0.5",
        "@smithy/util-retry": "^4.0.7",
        "@smithy/util-utf8": "^4.0.0",
        "tslib": "^2.6.2"
      },
      "engines": {
        "node": ">=18.0.0"
      }
    },
    "node_modules/@aws-sdk/core": {
      "version": "3.876.0",
      "license": "Apache-2.0",
      "dependencies": {
        "@aws-sdk/types": "3.862.0",
        "@aws-sdk/xml-builder": "3.873.0",
        "@smithy/core": "^3.8.0",
        "@smithy/node-config-provider": "^4.1.4",
        "@smithy/property-provider": "^4.0.5",
        "@smithy/protocol-http": "^5.1.3",
        "@smithy/signature-v4": "^5.1.3",
        "@smithy/smithy-client": "^4.4.10",
        "@smithy/types": "^4.3.2",
        "@smithy/util-base64": "^4.0.0",
        "@smithy/util-body-length-browser": "^4.0.0",
        "@smithy/util-middleware": "^4.0.5",
        "@smithy/util-utf8": "^4.0.0",
        "fast-xml-parser": "5.2.5",
        "tslib": "^2.6.2"
      },
      "engines": {
        "node": ">=18.0.0"
      }
    },
    "node_modules/@aws-sdk/credential-provider-env": {
      "version": "3.876.0",
      "license": "Apache-2.0",
      "dependencies": {
        "@aws-sdk/core": "3.876.0",
        "@aws-sdk/types": "3.862.0",
        "@smithy/property-provider": "^4.0.5",
        "@smithy/types": "^4.3.2",
        "tslib": "^2.6.2"
      },
      "engines": {
        "node": ">=18.0.0"
      }
    },
    "node_modules/@aws-sdk/credential-provider-http": {
      "version": "3.876.0",
      "license": "Apache-2.0",
      "dependencies": {
        "@aws-sdk/core": "3.876.0",
        "@aws-sdk/types": "3.862.0",
        "@smithy/fetch-http-handler": "^5.1.1",
        "@smithy/node-http-handler": "^4.1.1",
        "@smithy/property-provider": "^4.0.5",
        "@smithy/protocol-http": "^5.1.3",
        "@smithy/smithy-client": "^4.4.10",
        "@smithy/types": "^4.3.2",
        "@smithy/util-stream": "^4.2.4",
        "tslib": "^2.6.2"
      },
      "engines": {
        "node": ">=18.0.0"
      }
    },
    "node_modules/@aws-sdk/credential-provider-ini": {
      "version": "3.876.0",
      "license": "Apache-2.0",
      "dependencies": {
        "@aws-sdk/core": "3.876.0",
        "@aws-sdk/credential-provider-env": "3.876.0",
        "@aws-sdk/credential-provider-http": "3.876.0",
        "@aws-sdk/credential-provider-process": "3.876.0",
        "@aws-sdk/credential-provider-sso": "3.876.0",
        "@aws-sdk/credential-provider-web-identity": "3.876.0",
        "@aws-sdk/nested-clients": "3.876.0",
        "@aws-sdk/types": "3.862.0",
        "@smithy/credential-provider-imds": "^4.0.7",
        "@smithy/property-provider": "^4.0.5",
        "@smithy/shared-ini-file-loader": "^4.0.5",
        "@smithy/types": "^4.3.2",
        "tslib": "^2.6.2"
      },
      "engines": {
        "node": ">=18.0.0"
      }
    },
    "node_modules/@aws-sdk/credential-provider-node": {
      "version": "3.876.0",
      "license": "Apache-2.0",
      "dependencies": {
        "@aws-sdk/credential-provider-env": "3.876.0",
        "@aws-sdk/credential-provider-http": "3.876.0",
        "@aws-sdk/credential-provider-ini": "3.876.0",
        "@aws-sdk/credential-provider-process": "3.876.0",
        "@aws-sdk/credential-provider-sso": "3.876.0",
        "@aws-sdk/credential-provider-web-identity": "3.876.0",
        "@aws-sdk/types": "3.862.0",
        "@smithy/credential-provider-imds": "^4.0.7",
        "@smithy/property-provider": "^4.0.5",
        "@smithy/shared-ini-file-loader": "^4.0.5",
        "@smithy/types": "^4.3.2",
        "tslib": "^2.6.2"
      },
      "engines": {
        "node": ">=18.0.0"
      }
    },
    "node_modules/@aws-sdk/credential-provider-process": {
      "version": "3.876.0",
      "license": "Apache-2.0",
      "dependencies": {
        "@aws-sdk/core": "3.876.0",
        "@aws-sdk/types": "3.862.0",
        "@smithy/property-provider": "^4.0.5",
        "@smithy/shared-ini-file-loader": "^4.0.5",
        "@smithy/types": "^4.3.2",
        "tslib": "^2.6.2"
      },
      "engines": {
        "node": ">=18.0.0"
      }
    },
    "node_modules/@aws-sdk/credential-provider-sso": {
      "version": "3.876.0",
      "license": "Apache-2.0",
      "dependencies": {
        "@aws-sdk/client-sso": "3.876.0",
        "@aws-sdk/core": "3.876.0",
        "@aws-sdk/token-providers": "3.876.0",
        "@aws-sdk/types": "3.862.0",
        "@smithy/property-provider": "^4.0.5",
        "@smithy/shared-ini-file-loader": "^4.0.5",
        "@smithy/types": "^4.3.2",
        "tslib": "^2.6.2"
      },
      "engines": {
        "node": ">=18.0.0"
      }
    },
    "node_modules/@aws-sdk/credential-provider-web-identity": {
      "version": "3.876.0",
      "license": "Apache-2.0",
      "dependencies": {
        "@aws-sdk/core": "3.876.0",
        "@aws-sdk/nested-clients": "3.876.0",
        "@aws-sdk/types": "3.862.0",
        "@smithy/property-provider": "^4.0.5",
        "@smithy/types": "^4.3.2",
        "tslib": "^2.6.2"
      },
      "engines": {
        "node": ">=18.0.0"
      }
    },
    "node_modules/@aws-sdk/middleware-host-header": {
      "version": "3.873.0",
      "license": "Apache-2.0",
      "dependencies": {
        "@aws-sdk/types": "3.862.0",
        "@smithy/protocol-http": "^5.1.3",
        "@smithy/types": "^4.3.2",
        "tslib": "^2.6.2"
      },
      "engines": {
        "node": ">=18.0.0"
      }
    },
    "node_modules/@aws-sdk/middleware-logger": {
      "version": "3.876.0",
      "license": "Apache-2.0",
      "dependencies": {
        "@aws-sdk/types": "3.862.0",
        "@smithy/types": "^4.3.2",
        "tslib": "^2.6.2"
      },
      "engines": {
        "node": ">=18.0.0"
      }
    },
    "node_modules/@aws-sdk/middleware-recursion-detection": {
      "version": "3.873.0",
      "license": "Apache-2.0",
      "dependencies": {
        "@aws-sdk/types": "3.862.0",
        "@smithy/protocol-http": "^5.1.3",
        "@smithy/types": "^4.3.2",
        "tslib": "^2.6.2"
      },
      "engines": {
        "node": ">=18.0.0"
      }
    },
    "node_modules/@aws-sdk/middleware-sdk-s3": {
      "version": "3.876.0",
      "license": "Apache-2.0",
      "dependencies": {
        "@aws-sdk/core": "3.876.0",
        "@aws-sdk/types": "3.862.0",
        "@aws-sdk/util-arn-parser": "3.873.0",
        "@smithy/core": "^3.8.0",
        "@smithy/node-config-provider": "^4.1.4",
        "@smithy/protocol-http": "^5.1.3",
        "@smithy/signature-v4": "^5.1.3",
        "@smithy/smithy-client": "^4.4.10",
        "@smithy/types": "^4.3.2",
        "@smithy/util-config-provider": "^4.0.0",
        "@smithy/util-middleware": "^4.0.5",
        "@smithy/util-stream": "^4.2.4",
        "@smithy/util-utf8": "^4.0.0",
        "tslib": "^2.6.2"
      },
      "engines": {
        "node": ">=18.0.0"
      }
    },
    "node_modules/@aws-sdk/middleware-user-agent": {
      "version": "3.876.0",
      "license": "Apache-2.0",
      "dependencies": {
        "@aws-sdk/core": "3.876.0",
        "@aws-sdk/types": "3.862.0",
        "@aws-sdk/util-endpoints": "3.873.0",
        "@smithy/core": "^3.8.0",
        "@smithy/protocol-http": "^5.1.3",
        "@smithy/types": "^4.3.2",
        "tslib": "^2.6.2"
      },
      "engines": {
        "node": ">=18.0.0"
      }
    },
    "node_modules/@aws-sdk/nested-clients": {
      "version": "3.876.0",
      "license": "Apache-2.0",
      "dependencies": {
        "@aws-crypto/sha256-browser": "5.2.0",
        "@aws-crypto/sha256-js": "5.2.0",
        "@aws-sdk/core": "3.876.0",
        "@aws-sdk/middleware-host-header": "3.873.0",
        "@aws-sdk/middleware-logger": "3.876.0",
        "@aws-sdk/middleware-recursion-detection": "3.873.0",
        "@aws-sdk/middleware-user-agent": "3.876.0",
        "@aws-sdk/region-config-resolver": "3.873.0",
        "@aws-sdk/types": "3.862.0",
        "@aws-sdk/util-endpoints": "3.873.0",
        "@aws-sdk/util-user-agent-browser": "3.873.0",
        "@aws-sdk/util-user-agent-node": "3.876.0",
        "@smithy/config-resolver": "^4.1.5",
        "@smithy/core": "^3.8.0",
        "@smithy/fetch-http-handler": "^5.1.1",
        "@smithy/hash-node": "^4.0.5",
        "@smithy/invalid-dependency": "^4.0.5",
        "@smithy/middleware-content-length": "^4.0.5",
        "@smithy/middleware-endpoint": "^4.1.18",
        "@smithy/middleware-retry": "^4.1.19",
        "@smithy/middleware-serde": "^4.0.9",
        "@smithy/middleware-stack": "^4.0.5",
        "@smithy/node-config-provider": "^4.1.4",
        "@smithy/node-http-handler": "^4.1.1",
        "@smithy/protocol-http": "^5.1.3",
        "@smithy/smithy-client": "^4.4.10",
        "@smithy/types": "^4.3.2",
        "@smithy/url-parser": "^4.0.5",
        "@smithy/util-base64": "^4.0.0",
        "@smithy/util-body-length-browser": "^4.0.0",
        "@smithy/util-body-length-node": "^4.0.0",
        "@smithy/util-defaults-mode-browser": "^4.0.26",
        "@smithy/util-defaults-mode-node": "^4.0.26",
        "@smithy/util-endpoints": "^3.0.7",
        "@smithy/util-middleware": "^4.0.5",
        "@smithy/util-retry": "^4.0.7",
        "@smithy/util-utf8": "^4.0.0",
        "tslib": "^2.6.2"
      },
      "engines": {
        "node": ">=18.0.0"
      }
    },
    "node_modules/@aws-sdk/region-config-resolver": {
      "version": "3.873.0",
      "license": "Apache-2.0",
      "dependencies": {
        "@aws-sdk/types": "3.862.0",
        "@smithy/node-config-provider": "^4.1.4",
        "@smithy/types": "^4.3.2",
        "@smithy/util-config-provider": "^4.0.0",
        "@smithy/util-middleware": "^4.0.5",
        "tslib": "^2.6.2"
      },
      "engines": {
        "node": ">=18.0.0"
      }
    },
    "node_modules/@aws-sdk/signature-v4-multi-region": {
      "version": "3.876.0",
      "license": "Apache-2.0",
      "dependencies": {
        "@aws-sdk/middleware-sdk-s3": "3.876.0",
        "@aws-sdk/types": "3.862.0",
        "@smithy/protocol-http": "^5.1.3",
        "@smithy/signature-v4": "^5.1.3",
        "@smithy/types": "^4.3.2",
        "tslib": "^2.6.2"
      },
      "engines": {
        "node": ">=18.0.0"
      }
    },
    "node_modules/@aws-sdk/token-providers": {
      "version": "3.876.0",
      "license": "Apache-2.0",
      "dependencies": {
        "@aws-sdk/core": "3.876.0",
        "@aws-sdk/nested-clients": "3.876.0",
        "@aws-sdk/types": "3.862.0",
        "@smithy/property-provider": "^4.0.5",
        "@smithy/shared-ini-file-loader": "^4.0.5",
        "@smithy/types": "^4.3.2",
        "tslib": "^2.6.2"
      },
      "engines": {
        "node": ">=18.0.0"
      }
    },
    "node_modules/@aws-sdk/types": {
      "version": "3.862.0",
      "license": "Apache-2.0",
      "dependencies": {
        "@smithy/types": "^4.3.2",
        "tslib": "^2.6.2"
      },
      "engines": {
        "node": ">=18.0.0"
      }
    },
    "node_modules/@aws-sdk/util-arn-parser": {
      "version": "3.873.0",
      "license": "Apache-2.0",
      "dependencies": {
        "tslib": "^2.6.2"
      },
      "engines": {
        "node": ">=18.0.0"
      }
    },
    "node_modules/@aws-sdk/util-endpoints": {
      "version": "3.873.0",
      "license": "Apache-2.0",
      "dependencies": {
        "@aws-sdk/types": "3.862.0",
        "@smithy/types": "^4.3.2",
        "@smithy/url-parser": "^4.0.5",
        "@smithy/util-endpoints": "^3.0.7",
        "tslib": "^2.6.2"
      },
      "engines": {
        "node": ">=18.0.0"
      }
    },
    "node_modules/@aws-sdk/util-locate-window": {
      "version": "3.873.0",
      "license": "Apache-2.0",
      "dependencies": {
        "tslib": "^2.6.2"
      },
      "engines": {
        "node": ">=18.0.0"
      }
    },
    "node_modules/@aws-sdk/util-user-agent-browser": {
      "version": "3.873.0",
      "license": "Apache-2.0",
      "dependencies": {
        "@aws-sdk/types": "3.862.0",
        "@smithy/types": "^4.3.2",
        "bowser": "^2.11.0",
        "tslib": "^2.6.2"
      }
    },
    "node_modules/@aws-sdk/util-user-agent-node": {
      "version": "3.876.0",
      "license": "Apache-2.0",
      "dependencies": {
        "@aws-sdk/middleware-user-agent": "3.876.0",
        "@aws-sdk/types": "3.862.0",
        "@smithy/node-config-provider": "^4.1.4",
        "@smithy/types": "^4.3.2",
        "tslib": "^2.6.2"
      },
      "engines": {
        "node": ">=18.0.0"
      },
      "peerDependencies": {
        "aws-crt": ">=1.0.0"
      },
      "peerDependenciesMeta": {
        "aws-crt": {
          "optional": true
        }
      }
    },
    "node_modules/@aws-sdk/xml-builder": {
      "version": "3.873.0",
      "license": "Apache-2.0",
      "dependencies": {
        "@smithy/types": "^4.3.2",
        "tslib": "^2.6.2"
      },
      "engines": {
        "node": ">=18.0.0"
      }
    },
    "node_modules/@selderee/plugin-htmlparser2": {
      "version": "0.11.0",
      "license": "MIT",
      "dependencies": {
        "domhandler": "^5.0.3",
        "selderee": "^0.11.0"
      },
      "funding": {
        "url": "https://ko-fi.com/killymxi"
      }
    },
    "node_modules/@smithy/abort-controller": {
      "version": "4.0.5",
      "license": "Apache-2.0",
      "dependencies": {
        "@smithy/types": "^4.3.2",
        "tslib": "^2.6.2"
      },
      "engines": {
        "node": ">=18.0.0"
      }
    },
    "node_modules/@smithy/config-resolver": {
      "version": "4.1.5",
      "license": "Apache-2.0",
      "dependencies": {
        "@smithy/node-config-provider": "^4.1.4",
        "@smithy/types": "^4.3.2",
        "@smithy/util-config-provider": "^4.0.0",
        "@smithy/util-middleware": "^4.0.5",
        "tslib": "^2.6.2"
      },
      "engines": {
        "node": ">=18.0.0"
      }
    },
    "node_modules/@smithy/core": {
      "version": "3.8.0",
      "license": "Apache-2.0",
      "dependencies": {
        "@smithy/middleware-serde": "^4.0.9",
        "@smithy/protocol-http": "^5.1.3",
        "@smithy/types": "^4.3.2",
        "@smithy/util-base64": "^4.0.0",
        "@smithy/util-body-length-browser": "^4.0.0",
        "@smithy/util-middleware": "^4.0.5",
        "@smithy/util-stream": "^4.2.4",
        "@smithy/util-utf8": "^4.0.0",
        "@types/uuid": "^9.0.1",
        "tslib": "^2.6.2",
        "uuid": "^9.0.1"
      },
      "engines": {
        "node": ">=18.0.0"
      }
    },
    "node_modules/@smithy/credential-provider-imds": {
      "version": "4.0.7",
      "license": "Apache-2.0",
      "dependencies": {
        "@smithy/node-config-provider": "^4.1.4",
        "@smithy/property-provider": "^4.0.5",
        "@smithy/types": "^4.3.2",
        "@smithy/url-parser": "^4.0.5",
        "tslib": "^2.6.2"
      },
      "engines": {
        "node": ">=18.0.0"
      }
    },
    "node_modules/@smithy/fetch-http-handler": {
      "version": "5.1.1",
      "license": "Apache-2.0",
      "dependencies": {
        "@smithy/protocol-http": "^5.1.3",
        "@smithy/querystring-builder": "^4.0.5",
        "@smithy/types": "^4.3.2",
        "@smithy/util-base64": "^4.0.0",
        "tslib": "^2.6.2"
      },
      "engines": {
        "node": ">=18.0.0"
      }
    },
    "node_modules/@smithy/hash-node": {
      "version": "4.0.5",
      "license": "Apache-2.0",
      "dependencies": {
        "@smithy/types": "^4.3.2",
        "@smithy/util-buffer-from": "^4.0.0",
        "@smithy/util-utf8": "^4.0.0",
        "tslib": "^2.6.2"
      },
      "engines": {
        "node": ">=18.0.0"
      }
    },
    "node_modules/@smithy/invalid-dependency": {
      "version": "4.0.5",
      "license": "Apache-2.0",
      "dependencies": {
        "@smithy/types": "^4.3.2",
        "tslib": "^2.6.2"
      },
      "engines": {
        "node": ">=18.0.0"
      }
    },
    "node_modules/@smithy/is-array-buffer": {
      "version": "4.0.0",
      "license": "Apache-2.0",
      "dependencies": {
        "tslib": "^2.6.2"
      },
      "engines": {
        "node": ">=18.0.0"
      }
    },
    "node_modules/@smithy/middleware-content-length": {
      "version": "4.0.5",
      "license": "Apache-2.0",
      "dependencies": {
        "@smithy/protocol-http": "^5.1.3",
        "@smithy/types": "^4.3.2",
        "tslib": "^2.6.2"
      },
      "engines": {
        "node": ">=18.0.0"
      }
    },
    "node_modules/@smithy/middleware-endpoint": {
      "version": "4.1.18",
      "license": "Apache-2.0",
      "dependencies": {
        "@smithy/core": "^3.8.0",
        "@smithy/middleware-serde": "^4.0.9",
        "@smithy/node-config-provider": "^4.1.4",
        "@smithy/shared-ini-file-loader": "^4.0.5",
        "@smithy/types": "^4.3.2",
        "@smithy/url-parser": "^4.0.5",
        "@smithy/util-middleware": "^4.0.5",
        "tslib": "^2.6.2"
      },
      "engines": {
        "node": ">=18.0.0"
      }
    },
    "node_modules/@smithy/middleware-retry": {
      "version": "4.1.19",
      "license": "Apache-2.0",
      "dependencies": {
        "@smithy/node-config-provider": "^4.1.4",
        "@smithy/protocol-http": "^5.1.3",
        "@smithy/service-error-classification": "^4.0.7",
        "@smithy/smithy-client": "^4.4.10",
        "@smithy/types": "^4.3.2",
        "@smithy/util-middleware": "^4.0.5",
        "@smithy/util-retry": "^4.0.7",
        "@types/uuid": "^9.0.1",
        "tslib": "^2.6.2",
        "uuid": "^9.0.1"
      },
      "engines": {
        "node": ">=18.0.0"
      }
    },
    "node_modules/@smithy/middleware-serde": {
      "version": "4.0.9",
      "license": "Apache-2.0",
      "dependencies": {
        "@smithy/protocol-http": "^5.1.3",
        "@smithy/types": "^4.3.2",
        "tslib": "^2.6.2"
      },
      "engines": {
        "node": ">=18.0.0"
      }
    },
    "node_modules/@smithy/middleware-stack": {
      "version": "4.0.5",
      "license": "Apache-2.0",
      "dependencies": {
        "@smithy/types": "^4.3.2",
        "tslib": "^2.6.2"
      },
      "engines": {
        "node": ">=18.0.0"
      }
    },
    "node_modules/@smithy/node-config-provider": {
      "version": "4.1.4",
      "license": "Apache-2.0",
      "dependencies": {
        "@smithy/property-provider": "^4.0.5",
        "@smithy/shared-ini-file-loader": "^4.0.5",
        "@smithy/types": "^4.3.2",
        "tslib": "^2.6.2"
      },
      "engines": {
        "node": ">=18.0.0"
      }
    },
    "node_modules/@smithy/node-http-handler": {
      "version": "4.1.1",
      "license": "Apache-2.0",
      "dependencies": {
        "@smithy/abort-controller": "^4.0.5",
        "@smithy/protocol-http": "^5.1.3",
        "@smithy/querystring-builder": "^4.0.5",
        "@smithy/types": "^4.3.2",
        "tslib": "^2.6.2"
      },
      "engines": {
        "node": ">=18.0.0"
      }
    },
    "node_modules/@smithy/property-provider": {
      "version": "4.0.5",
      "license": "Apache-2.0",
      "dependencies": {
        "@smithy/types": "^4.3.2",
        "tslib": "^2.6.2"
      },
      "engines": {
        "node": ">=18.0.0"
      }
    },
    "node_modules/@smithy/protocol-http": {
      "version": "5.1.3",
      "license": "Apache-2.0",
      "dependencies": {
        "@smithy/types": "^4.3.2",
        "tslib": "^2.6.2"
      },
      "engines": {
        "node": ">=18.0.0"
      }
    },
    "node_modules/@smithy/querystring-builder": {
      "version": "4.0.5",
      "license": "Apache-2.0",
      "dependencies": {
        "@smithy/types": "^4.3.2",
        "@smithy/util-uri-escape": "^4.0.0",
        "tslib": "^2.6.2"
      },
      "engines": {
        "node": ">=18.0.0"
      }
    },
    "node_modules/@smithy/querystring-parser": {
      "version": "4.0.5",
      "license": "Apache-2.0",
      "dependencies": {
        "@smithy/types": "^4.3.2",
        "tslib": "^2.6.2"
      },
      "engines": {
        "node": ">=18.0.0"
      }
    },
    "node_modules/@smithy/service-error-classification": {
      "version": "4.0.7",
      "license": "Apache-2.0",
      "dependencies": {
        "@smithy/types": "^4.3.2"
      },
      "engines": {
        "node": ">=18.0.0"
      }
    },
    "node_modules/@smithy/shared-ini-file-loader": {
      "version": "4.0.5",
      "license": "Apache-2.0",
      "dependencies": {
        "@smithy/types": "^4.3.2",
        "tslib": "^2.6.2"
      },
      "engines": {
        "node": ">=18.0.0"
      }
    },
    "node_modules/@smithy/signature-v4": {
      "version": "5.1.3",
      "license": "Apache-2.0",
      "dependencies": {
        "@smithy/is-array-buffer": "^4.0.0",
        "@smithy/protocol-http": "^5.1.3",
        "@smithy/types": "^4.3.2",
        "@smithy/util-hex-encoding": "^4.0.0",
        "@smithy/util-middleware": "^4.0.5",
        "@smithy/util-uri-escape": "^4.0.0",
        "@smithy/util-utf8": "^4.0.0",
        "tslib": "^2.6.2"
      },
      "engines": {
        "node": ">=18.0.0"
      }
    },
    "node_modules/@smithy/smithy-client": {
      "version": "4.4.10",
      "license": "Apache-2.0",
      "dependencies": {
        "@smithy/core": "^3.8.0",
        "@smithy/middleware-endpoint": "^4.1.18",
        "@smithy/middleware-stack": "^4.0.5",
        "@smithy/protocol-http": "^5.1.3",
        "@smithy/types": "^4.3.2",
        "@smithy/util-stream": "^4.2.4",
        "tslib": "^2.6.2"
      },
      "engines": {
        "node": ">=18.0.0"
      }
    },
    "node_modules/@smithy/types": {
      "version": "4.3.2",
      "license": "Apache-2.0",
      "dependencies": {
        "tslib": "^2.6.2"
      },
      "engines": {
        "node": ">=18.0.0"
      }
    },
    "node_modules/@smithy/url-parser": {
      "version": "4.0.5",
      "license": "Apache-2.0",
      "dependencies": {
        "@smithy/querystring-parser": "^4.0.5",
        "@smithy/types": "^4.3.2",
        "tslib": "^2.6.2"
      },
      "engines": {
        "node": ">=18.0.0"
      }
    },
    "node_modules/@smithy/util-base64": {
      "version": "4.0.0",
      "license": "Apache-2.0",
      "dependencies": {
        "@smithy/util-buffer-from": "^4.0.0",
        "@smithy/util-utf8": "^4.0.0",
        "tslib": "^2.6.2"
      },
      "engines": {
        "node": ">=18.0.0"
      }
    },
    "node_modules/@smithy/util-body-length-browser": {
      "version": "4.0.0",
      "license": "Apache-2.0",
      "dependencies": {
        "tslib": "^2.6.2"
      },
      "engines": {
        "node": ">=18.0.0"
      }
    },
    "node_modules/@smithy/util-body-length-node": {
      "version": "4.0.0",
      "license": "Apache-2.0",
      "dependencies": {
        "tslib": "^2.6.2"
      },
      "engines": {
        "node": ">=18.0.0"
      }
    },
    "node_modules/@smithy/util-buffer-from": {
      "version": "4.0.0",
      "license": "Apache-2.0",
      "dependencies": {
        "@smithy/is-array-buffer": "^4.0.0",
        "tslib": "^2.6.2"
      },
      "engines": {
        "node": ">=18.0.0"
      }
    },
    "node_modules/@smithy/util-config-provider": {
      "version": "4.0.0",
      "license": "Apache-2.0",
      "dependencies": {
        "tslib": "^2.6.2"
      },
      "engines": {
        "node": ">=18.0.0"
      }
    },
    "node_modules/@smithy/util-defaults-mode-browser": {
      "version": "4.0.26",
      "license": "Apache-2.0",
      "dependencies": {
        "@smithy/property-provider": "^4.0.5",
        "@smithy/smithy-client": "^4.4.10",
        "@smithy/types": "^4.3.2",
        "bowser": "^2.11.0",
        "tslib": "^2.6.2"
      },
      "engines": {
        "node": ">=18.0.0"
      }
    },
    "node_modules/@smithy/util-defaults-mode-node": {
      "version": "4.0.26",
      "license": "Apache-2.0",
      "dependencies": {
        "@smithy/config-resolver": "^4.1.5",
        "@smithy/credential-provider-imds": "^4.0.7",
        "@smithy/node-config-provider": "^4.1.4",
        "@smithy/property-provider": "^4.0.5",
        "@smithy/smithy-client": "^4.4.10",
        "@smithy/types": "^4.3.2",
        "tslib": "^2.6.2"
      },
      "engines": {
        "node": ">=18.0.0"
      }
    },
    "node_modules/@smithy/util-endpoints": {
      "version": "3.0.7",
      "license": "Apache-2.0",
      "dependencies": {
        "@smithy/node-config-provider": "^4.1.4",
        "@smithy/types": "^4.3.2",
        "tslib": "^2.6.2"
      },
      "engines": {
        "node": ">=18.0.0"
      }
    },
    "node_modules/@smithy/util-hex-encoding": {
      "version": "4.0.0",
      "license": "Apache-2.0",
      "dependencies": {
        "tslib": "^2.6.2"
      },
      "engines": {
        "node": ">=18.0.0"
      }
    },
    "node_modules/@smithy/util-middleware": {
      "version": "4.0.5",
      "license": "Apache-2.0",
      "dependencies": {
        "@smithy/types": "^4.3.2",
        "tslib": "^2.6.2"
      },
      "engines": {
        "node": ">=18.0.0"
      }
    },
    "node_modules/@smithy/util-retry": {
      "version": "4.0.7",
      "license": "Apache-2.0",
      "dependencies": {
        "@smithy/service-error-classification": "^4.0.7",
        "@smithy/types": "^4.3.2",
        "tslib": "^2.6.2"
      },
      "engines": {
        "node": ">=18.0.0"
      }
    },
    "node_modules/@smithy/util-stream": {
      "version": "4.2.4",
      "license": "Apache-2.0",
      "dependencies": {
        "@smithy/fetch-http-handler": "^5.1.1",
        "@smithy/node-http-handler": "^4.1.1",
        "@smithy/types": "^4.3.2",
        "@smithy/util-base64": "^4.0.0",
        "@smithy/util-buffer-from": "^4.0.0",
        "@smithy/util-hex-encoding": "^4.0.0",
        "@smithy/util-utf8": "^4.0.0",
        "tslib": "^2.6.2"
      },
      "engines": {
        "node": ">=18.0.0"
      }
    },
    "node_modules/@smithy/util-uri-escape": {
      "version": "4.0.0",
      "license": "Apache-2.0",
      "dependencies": {
        "tslib": "^2.6.2"
      },
      "engines": {
        "node": ">=18.0.0"
      }
    },
    "node_modules/@smithy/util-utf8": {
      "version": "4.0.0",
      "license": "Apache-2.0",
      "dependencies": {
        "@smithy/util-buffer-from": "^4.0.0",
        "tslib": "^2.6.2"
      },
      "engines": {
        "node": ">=18.0.0"
      }
    },
    "node_modules/@types/bun": {
      "version": "1.2.21",
      "resolved": "https://registry.npmjs.org/@types/bun/-/bun-1.2.21.tgz",
      "integrity": "sha512-NiDnvEqmbfQ6dmZ3EeUO577s4P5bf4HCTXtI6trMc6f6RzirY5IrF3aIookuSpyslFzrnvv2lmEWv5HyC1X79A==",
      "dev": true,
      "license": "MIT",
      "dependencies": {
        "bun-types": "1.2.21"
      }
    },
    "node_modules/@types/mailparser": {
      "version": "3.4.6",
      "license": "MIT",
      "dependencies": {
        "@types/node": "*",
        "iconv-lite": "^0.6.3"
      }
    },
    "node_modules/@types/node": {
      "version": "24.3.0",
      "license": "MIT",
      "dependencies": {
        "undici-types": "~7.10.0"
      }
    },
    "node_modules/@types/nodemailer": {
      "version": "7.0.1",
      "license": "MIT",
      "dependencies": {
        "@aws-sdk/client-sesv2": "^3.839.0",
        "@types/node": "*"
      }
    },
    "node_modules/@types/react": {
      "version": "19.1.12",
      "dev": true,
      "license": "MIT",
      "peer": true,
      "dependencies": {
        "csstype": "^3.0.2"
      }
    },
    "node_modules/@types/smtp-server": {
      "version": "3.5.12",
      "license": "MIT",
      "dependencies": {
        "@types/node": "*",
        "@types/nodemailer": "*"
      }
    },
    "node_modules/@types/uuid": {
      "version": "9.0.8",
      "license": "MIT"
    },
    "node_modules/base32.js": {
      "version": "0.1.0",
      "license": "MIT",
      "engines": {
        "node": ">=0.12.0"
      }
    },
    "node_modules/bowser": {
      "version": "2.12.1",
      "license": "MIT"
    },
    "node_modules/bun-types": {
      "version": "1.2.21",
      "dev": true,
      "license": "MIT",
      "dependencies": {
        "@types/node": "*"
      },
      "peerDependencies": {
        "@types/react": "^19"
      }
    },
    "node_modules/csstype": {
      "version": "3.1.3",
      "dev": true,
      "license": "MIT",
      "peer": true
    },
    "node_modules/deepmerge": {
      "version": "4.3.1",
      "license": "MIT",
      "engines": {
        "node": ">=0.10.0"
      }
    },
    "node_modules/dom-serializer": {
      "version": "2.0.0",
      "license": "MIT",
      "dependencies": {
        "domelementtype": "^2.3.0",
        "domhandler": "^5.0.2",
        "entities": "^4.2.0"
      },
      "funding": {
        "url": "https://github.com/cheeriojs/dom-serializer?sponsor=1"
      }
    },
    "node_modules/domelementtype": {
      "version": "2.3.0",
      "funding": [
        {
          "type": "github",
          "url": "https://github.com/sponsors/fb55"
        }
      ],
      "license": "BSD-2-Clause"
    },
    "node_modules/domhandler": {
      "version": "5.0.3",
      "license": "BSD-2-Clause",
      "dependencies": {
        "domelementtype": "^2.3.0"
      },
      "engines": {
        "node": ">= 4"
      },
      "funding": {
        "url": "https://github.com/fb55/domhandler?sponsor=1"
      }
    },
    "node_modules/domutils": {
      "version": "3.2.2",
      "license": "BSD-2-Clause",
      "dependencies": {
        "dom-serializer": "^2.0.0",
        "domelementtype": "^2.3.0",
        "domhandler": "^5.0.3"
      },
      "funding": {
        "url": "https://github.com/fb55/domutils?sponsor=1"
      }
    },
    "node_modules/emailjs": {
      "version": "4.0.3",
      "resolved": "https://registry.npmjs.org/emailjs/-/emailjs-4.0.3.tgz",
      "integrity": "sha512-1CDXoE3FxkSg7QRTlLsDCYG9elFNu/JQsYWu3Xfrk77ubbg5zYgFGg+JRUKQJ56mceM8o3rHHX0VB4wo9XsyLQ==",
      "license": "MIT",
      "engines": {
        "node": ">=12"
      },
      "peerDependencies": {
        "typescript": ">=4.3.5"
      },
      "peerDependenciesMeta": {
        "typescript": {
          "optional": true
        }
      }
    },
    "node_modules/encoding-japanese": {
      "version": "2.2.0",
      "license": "MIT",
      "engines": {
        "node": ">=8.10.0"
      }
    },
    "node_modules/entities": {
      "version": "4.5.0",
      "license": "BSD-2-Clause",
      "engines": {
        "node": ">=0.12"
      },
      "funding": {
        "url": "https://github.com/fb55/entities?sponsor=1"
      }
    },
    "node_modules/fast-xml-parser": {
      "version": "5.2.5",
      "funding": [
        {
          "type": "github",
          "url": "https://github.com/sponsors/NaturalIntelligence"
        }
      ],
      "license": "MIT",
      "dependencies": {
        "strnum": "^2.1.0"
      },
      "bin": {
        "fxparser": "src/cli/cli.js"
      }
    },
    "node_modules/he": {
      "version": "1.2.0",
      "license": "MIT",
      "bin": {
        "he": "bin/he"
      }
    },
    "node_modules/html-to-text": {
      "version": "9.0.5",
      "license": "MIT",
      "dependencies": {
        "@selderee/plugin-htmlparser2": "^0.11.0",
        "deepmerge": "^4.3.1",
        "dom-serializer": "^2.0.0",
        "htmlparser2": "^8.0.2",
        "selderee": "^0.11.0"
      },
      "engines": {
        "node": ">=14"
      }
    },
    "node_modules/htmlparser2": {
      "version": "8.0.2",
      "funding": [
        "https://github.com/fb55/htmlparser2?sponsor=1",
        {
          "type": "github",
          "url": "https://github.com/sponsors/fb55"
        }
      ],
      "license": "MIT",
      "dependencies": {
        "domelementtype": "^2.3.0",
        "domhandler": "^5.0.3",
        "domutils": "^3.0.1",
        "entities": "^4.4.0"
      }
    },
    "node_modules/iconv-lite": {
      "version": "0.6.3",
      "license": "MIT",
      "dependencies": {
        "safer-buffer": ">= 2.1.2 < 3.0.0"
      },
      "engines": {
        "node": ">=0.10.0"
      }
    },
    "node_modules/ipv6-normalize": {
      "version": "1.0.1",
      "license": "MIT"
    },
    "node_modules/leac": {
      "version": "0.6.0",
      "license": "MIT",
      "funding": {
        "url": "https://ko-fi.com/killymxi"
      }
    },
    "node_modules/libbase64": {
      "version": "1.3.0",
      "license": "MIT"
    },
    "node_modules/libmime": {
      "version": "5.3.7",
      "license": "MIT",
      "dependencies": {
        "encoding-japanese": "2.2.0",
        "iconv-lite": "0.6.3",
        "libbase64": "1.3.0",
        "libqp": "2.1.1"
      }
    },
    "node_modules/libqp": {
      "version": "2.1.1",
      "license": "MIT"
    },
    "node_modules/linkify-it": {
      "version": "5.0.0",
      "license": "MIT",
      "dependencies": {
        "uc.micro": "^2.0.0"
      }
    },
    "node_modules/mailparser": {
      "version": "3.7.4",
      "license": "MIT",
      "dependencies": {
        "encoding-japanese": "2.2.0",
        "he": "1.2.0",
        "html-to-text": "9.0.5",
        "iconv-lite": "0.6.3",
        "libmime": "5.3.7",
        "linkify-it": "5.0.0",
        "mailsplit": "5.4.5",
        "nodemailer": "7.0.4",
        "punycode.js": "2.3.1",
        "tlds": "1.259.0"
      }
    },
    "node_modules/mailparser/node_modules/nodemailer": {
      "version": "7.0.4",
      "license": "MIT-0",
      "engines": {
        "node": ">=6.0.0"
      }
    },
    "node_modules/mailsplit": {
      "version": "5.4.5",
      "license": "(MIT OR EUPL-1.1+)",
      "dependencies": {
        "libbase64": "1.3.0",
        "libmime": "5.3.7",
        "libqp": "2.1.1"
      }
    },
    "node_modules/nodemailer": {
      "version": "7.0.5",
      "license": "MIT-0",
      "engines": {
        "node": ">=6.0.0"
      }
    },
    "node_modules/parseley": {
      "version": "0.12.1",
      "license": "MIT",
      "dependencies": {
        "leac": "^0.6.0",
        "peberminta": "^0.9.0"
      },
      "funding": {
        "url": "https://ko-fi.com/killymxi"
      }
    },
    "node_modules/peberminta": {
      "version": "0.9.0",
      "license": "MIT",
      "funding": {
        "url": "https://ko-fi.com/killymxi"
      }
    },
    "node_modules/punycode.js": {
      "version": "2.3.1",
      "license": "MIT",
      "engines": {
        "node": ">=6"
      }
    },
    "node_modules/safer-buffer": {
      "version": "2.1.2",
      "license": "MIT"
    },
    "node_modules/selderee": {
      "version": "0.11.0",
      "license": "MIT",
      "dependencies": {
        "parseley": "^0.12.0"
      },
      "funding": {
        "url": "https://ko-fi.com/killymxi"
      }
    },
    "node_modules/smtp-server": {
      "version": "3.14.0",
      "license": "MIT-0",
      "dependencies": {
        "base32.js": "0.1.0",
        "ipv6-normalize": "1.0.1",
        "nodemailer": "7.0.3",
        "punycode.js": "2.3.1"
      },
      "engines": {
        "node": ">=12.0.0"
      }
    },
    "node_modules/smtp-server/node_modules/nodemailer": {
      "version": "7.0.3",
      "license": "MIT-0",
      "engines": {
        "node": ">=6.0.0"
      }
    },
    "node_modules/strnum": {
      "version": "2.1.1",
      "funding": [
        {
          "type": "github",
          "url": "https://github.com/sponsors/NaturalIntelligence"
        }
      ],
      "license": "MIT"
    },
    "node_modules/tlds": {
      "version": "1.259.0",
      "license": "MIT",
      "bin": {
        "tlds": "bin.js"
      }
    },
    "node_modules/tslib": {
      "version": "2.8.1",
      "license": "0BSD"
    },
    "node_modules/typescript": {
      "version": "5.9.2",
      "license": "Apache-2.0",
      "peer": true,
      "bin": {
        "tsc": "bin/tsc",
        "tsserver": "bin/tsserver"
      },
      "engines": {
        "node": ">=14.17"
      }
    },
    "node_modules/uc.micro": {
      "version": "2.1.0",
      "license": "MIT"
    },
    "node_modules/undici-types": {
      "version": "7.10.0",
      "license": "MIT"
    },
    "node_modules/uuid": {
      "version": "9.0.1",
      "funding": [
        "https://github.com/sponsors/broofa",
        "https://github.com/sponsors/ctavan"
      ],
      "license": "MIT",
      "bin": {
        "uuid": "dist/bin/uuid"
      }
    }
  }
}
